
Microsoft Visual Studio Solution File, Format Version 12.00
# Visual Studio Version 16
VisualStudioVersion = 16.0.30523.141
MinimumVisualStudioVersion = 10.0.40219.1
Project("{FAE04EC0-301F-11D3-BF4B-00C04F79EFBC}") = "Activity 3", "Activity 3.csproj", "{444A0B51-312B-4F7B-96A1-880C4AAD3809}"
EndProject
Global
	GlobalSection(SolutionConfigurationPlatforms) = preSolution
		Debug|Any CPU = Debug|Any CPU
		Release|Any CPU = Release|Any CPU
	EndGlobalSection
	GlobalSection(ProjectConfigurationPlatforms) = postSolution
		{444A0B51-312B-4F7B-96A1-880C4AAD3809}.Debug|Any CPU.ActiveCfg = Debug|Any CPU
		{444A0B51-312B-4F7B-96A1-880C4AAD3809}.Debug|Any CPU.Build.0 = Debug|Any CPU
		{444A0B51-312B-4F7B-96A1-880C4AAD3809}.Release|Any CPU.ActiveCfg = Release|Any CPU
		{444A0B51-312B-4F7B-96A1-880C4AAD3809}.Release|Any CPU.Build.0 = Release|Any CPU
	EndGlobalSection
	GlobalSection(SolutionProperties) = preSolution
		HideSolutionNode = FALSE
	EndGlobalSection
	GlobalSection(ExtensibilityGlobals) = postSolution
		SolutionGuid = {EB982543-8D36-464B-AAC7-CD28E54A9CE8}
	EndGlobalSection
EndGlobal
